
Microsoft Visual Studio Solution File, Format Version 12.00
# Visual Studio 2012
Project("{FAE04EC0-301F-11D3-BF4B-00C04F79EFBC}") = "needle", "needle\needle.csproj", "{856480BE-4EA7-47F5-8988-60AB948BE590}"
EndProject
Global
	GlobalSection(SolutionConfigurationPlatforms) = preSolution
		Debug|x86 = Debug|x86
		Release|x86 = Release|x86
	EndGlobalSection
	GlobalSection(ProjectConfigurationPlatforms) = postSolution
		{856480BE-4EA7-47F5-8988-60AB948BE590}.Debug|x86.ActiveCfg = Debug|x86
		{856480BE-4EA7-47F5-8988-60AB948BE590}.Debug|x86.Build.0 = Debug|x86
		{856480BE-4EA7-47F5-8988-60AB948BE590}.Release|x86.ActiveCfg = Release|x86
		{856480BE-4EA7-47F5-8988-60AB948BE590}.Release|x86.Build.0 = Release|x86
	EndGlobalSection
	GlobalSection(SolutionProperties) = preSolution
		HideSolutionNode = FALSE
	EndGlobalSection
EndGlobal
